# This file is autogenerated, do not edit; changes may be undone by the next 'dep ensure'.


[[projects]]
  name = "github.com/aws/aws-sdk-go"
  packages = [
    "aws",
    "aws/awserr",
    "aws/awsutil",
    "aws/client",
    "aws/client/metadata",
    "aws/corehandlers",
    "aws/credentials",
    "aws/credentials/ec2rolecreds",
    "aws/defaults",
    "aws/ec2metadata",
    "aws/request",
    "aws/session",
    "private/endpoints",
    "private/protocol/ec2query",
    "private/protocol/query/queryutil",
    "private/protocol/rest",
    "private/protocol/xml/xmlutil",
    "private/signer/v4",
    "private/waiter",
    "service/ec2",
    "service/ec2/ec2iface"
  ]
  revision = "f09322ae1e6468fe828c862542389bc45baf3c00"

[[projects]]
  name = "github.com/dylanmei/iso8601"
  packages = ["."]
  revision = "2075bf119b58e5576c6ed9f867b8f3d17f2e54d4"
  version = "v0.1.0"

[[projects]]
  name = "github.com/dylanmei/winrmtest"
  packages = ["."]
  revision = "025617847eb2cf9bd1d851bc3b22ed28e6245ce5"

[[projects]]
  name = "github.com/go-ini/ini"
  packages = ["."]
  revision = "afbd495e5aaea13597b5e14fe514ddeaa4d76fc3"
  version = "v1.8.6"

[[projects]]
  name = "github.com/golang/mock"
  packages = ["gomock"]
  revision = "13f360950a79f5864a972c786a10a50e44b69541"
  version = "v1.0.0"

[[projects]]
  branch = "master"
  name = "github.com/hashicorp/errwrap"
  packages = ["."]
  revision = "7554cd9344cec97297fa6649b055a8c98c2a1e55"

[[projects]]
  name = "github.com/hashicorp/go-multierror"
  packages = ["."]
  revision = "d30f09973e19c1dfcd120b2d9c4f168e68d6b5d5"

[[projects]]
  name = "github.com/hashicorp/go-version"
  packages = ["."]
  revision = "2b9865f60ce11e527bd1255ba82036d465570aa3"

[[projects]]
  name = "github.com/hashicorp/yamux"
  packages = ["."]
  revision = "df949784da9ed028ee76df44652e42d37a09d7e4"

[[projects]]
  name = "github.com/jmespath/go-jmespath"
  packages = ["."]
  revision = "c01cf91b011868172fdcd9f41838e80c9d716264"

[[projects]]
  name = "github.com/masterzen/simplexml"
  packages = ["dom"]
  revision = "95ba30457eb1121fa27753627c774c7cd4e90083"

[[projects]]
  name = "github.com/masterzen/winrm"
  packages = [
    "soap",
    "winrm"
  ]
  revision = "54ea5d01478cfc2afccec1504bd0dfcd8c260cfa"

[[projects]]
  branch = "master"
  name = "github.com/masterzen/xmlpath"
  packages = ["."]
  revision = "13f4951698adc0fa9c1dda3e275d489a24201161"

[[projects]]
  name = "github.com/mitchellh/go-fs"
  packages = [
    ".",
    "fat"
  ]
  revision = "a34c1b9334e86165685a9449b782f20465eb8c69"

[[projects]]
  branch = "master"
  name = "github.com/mitchellh/iochan"
  packages = ["."]
  revision = "87b45ffd0e9581375c491fef3d32130bb15c5bd7"

[[projects]]
  name = "github.com/mitchellh/mapstructure"
  packages = ["."]
  revision = "281073eb9eb092240d33ef253c404f1cca550309"

[[projects]]
  name = "github.com/mitchellh/multistep"
  packages = ["."]
  revision = "162146fc57112954184d90266f4733e900ed05a5"

[[projects]]
  name = "github.com/mitchellh/packer"
  packages = [
    "builder/amazon/common",
    "common",
    "common/ssh",
    "common/uuid",
    "communicator/ssh",
    "communicator/winrm",
    "helper/communicator",
    "helper/config",
    "packer",
    "packer/plugin",
    "packer/rpc",
    "template",
    "template/interpolate"
  ]
  revision = "d507b18eb4cf00b7d832c8c3fc7bb46b6377b551"

[[projects]]
  name = "github.com/mitchellh/reflectwalk"
  packages = ["."]
  revision = "eecf4c70c626c7cfbb95c90195bc34d386c74ac6"

[[projects]]
  branch = "master"
  name = "github.com/nu7hatch/gouuid"
  packages = ["."]
  revision = "179d4d0c4d8d407a32af483c2354df1d2c91e6c3"

[[projects]]
  name = "github.com/packer-community/winrmcp"
  packages = ["winrmcp"]
  revision = "3d184cea22ee1c41ec1697e0d830ff0c78f7ea97"

[[projects]]
  name = "github.com/satori/go.uuid"
  packages = ["."]
  revision = "d41af8bb6a7704f00bc3b7cba9355ae6a5a80048"

[[projects]]
  name = "github.com/ugorji/go"
  packages = ["codec"]
  revision = "4a1cb5252a6951f715a85d0e4be334c2a2dbf2a2"

[[projects]]
  name = "golang.org/x/crypto"
  packages = [
    "curve25519",
    "ssh",
    "ssh/agent"
  ]
  revision = "f23ba3a5ee43012fcb4b92e1a2a405a92554f4f2"

[solve-meta]
  analyzer-name = "dep"
  analyzer-version = 1
  inputs-digest = "544aff2b42822be97b4320dd96c52b3b318eac26a3692d5fe9e14fcf575558b7"
  solver-name = "gps-cdcl"
  solver-version = 1
